{
  "lockfile_version": "1",
  "packages": {
    "git-remote-codecommit@1.15.1": {
      "last_modified": "2024-03-22T11:26:23Z",
      "resolved": "github:NixOS/nixpkgs/a3ed7406349a9335cb4c2a71369b697cecd9d351#git-remote-codecommit",
      "source": "devbox-search",
      "version": "1.15.1",
      "systems": {
        "aarch64-darwin": {
          "outputs": [
            {
              "name": "out",
              "path": "/nix/store/ysc9ygbm3vf3wm9xgck7v4sjp7192100-git-remote-codecommit-1.15.1",
              "default": true
            },
            {
              "name": "dist",
              "path": "/nix/store/55b6dgwa5qzs0c6qpmm1yshrk9m7vsg0-git-remote-codecommit-1.15.1-dist"
            }
          ],
          "store_path": "/nix/store/ysc9ygbm3vf3wm9xgck7v4sjp7192100-git-remote-codecommit-1.15.1"
        },
        "aarch64-linux": {
          "outputs": [
            {
              "name": "out",
              "path": "/nix/store/3kgc7iazsj8igg1171002d5jqf4fgqji-git-remote-codecommit-1.15.1",
              "default": true
            },
            {
              "name": "dist",
              "path": "/nix/store/i09v6dfyffsyxv74z9ki49z5pg5pnl5g-git-remote-codecommit-1.15.1-dist"
            }
          ],
          "store_path": "/nix/store/3kgc7iazsj8igg1171002d5jqf4fgqji-git-remote-codecommit-1.15.1"
        },
        "x86_64-darwin": {
          "outputs": [
            {
              "name": "out",
              "path": "/nix/store/fl7badyfa23aykwy1485cdd0fafkvnd1-git-remote-codecommit-1.15.1",
              "default": true
            },
            {
              "name": "dist",
              "path": "/nix/store/ggzic5fbx9rqbrv9cgfv0vaisbxjgsa1-git-remote-codecommit-1.15.1-dist"
            }
          ],
          "store_path": "/nix/store/fl7badyfa23aykwy1485cdd0fafkvnd1-git-remote-codecommit-1.15.1"
        },
        "x86_64-linux": {
          "outputs": [
            {
              "name": "out",
              "path": "/nix/store/fnxx6j6k4iiwh7mzqxl5akfg4ffhisix-git-remote-codecommit-1.15.1",
              "default": true
            },
            {
              "name": "dist",
              "path": "/nix/store/813fypm3k2m0mx0pxpj523cp5jh1l3v1-git-remote-codecommit-1.15.1-dist"
            }
          ],
          "store_path": "/nix/store/fnxx6j6k4iiwh7mzqxl5akfg4ffhisix-git-remote-codecommit-1.15.1"
        }
      }
    },
    "git@2.42.0": {
      "last_modified": "2023-12-13T22:54:10Z",
      "resolved": "github:NixOS/nixpkgs/fd04bea4cbf76f86f244b9e2549fca066db8ddff#git",
      "source": "devbox-search",
      "version": "2.42.0",
      "systems": {
        "aarch64-darwin": {
          "outputs": [
            {
              "name": "out",
              "path": "/nix/store/q7avibx4c00h7zl3jfh3r5mc4xs6wsnj-git-2.42.0",
              "default": true
            },
            {
              "name": "doc",
              "path": "/nix/store/ls2bkd8sbjfzaj2sqnjifxp0kpj5ppi7-git-2.42.0-doc"
            }
          ],
          "store_path": "/nix/store/q7avibx4c00h7zl3jfh3r5mc4xs6wsnj-git-2.42.0"
        },
        "aarch64-linux": {
          "outputs": [
            {
              "name": "out",
              "path": "/nix/store/v7f1fag7w6ifk9cg1p5xhnnzy7mf0kmv-git-2.42.0",
              "default": true
            },
            {
              "name": "debug",
              "path": "/nix/store/5fzw7d7k24nyhl0gblxxs94df4d9kx92-git-2.42.0-debug"
            },
            {
              "name": "doc",
              "path": "/nix/store/zfggmkpg5a8cyjcp6fkg031k40m4jm1z-git-2.42.0-doc"
            }
          ],
          "store_path": "/nix/store/v7f1fag7w6ifk9cg1p5xhnnzy7mf0kmv-git-2.42.0"
        },
        "x86_64-darwin": {
          "outputs": [
            {
              "name": "out",
              "path": "/nix/store/hhf2cldbfcndgilsak5x8dxphgj1y3id-git-2.42.0",
              "default": true
            },
            {
              "name": "doc",
              "path": "/nix/store/z0azxav2x0w3a3cr9nmnphqfrixqv366-git-2.42.0-doc"
            }
          ],
          "store_path": "/nix/store/hhf2cldbfcndgilsak5x8dxphgj1y3id-git-2.42.0"
        },
        "x86_64-linux": {
          "outputs": [
            {
              "name": "out",
              "path": "/nix/store/31ypk253113v59lslsx8nbqpx794rlan-git-2.42.0",
              "default": true
            },
            {
              "name": "debug",
              "path": "/nix/store/7izvmmglis343586glv4bb6l0s8r5dnp-git-2.42.0-debug"
            },
            {
              "name": "doc",
              "path": "/nix/store/bhjmxbvkilffv986l0wxdk54dvng63fp-git-2.42.0-doc"
            }
          ],
          "store_path": "/nix/store/31ypk253113v59lslsx8nbqpx794rlan-git-2.42.0"
        }
      }
    },
    "go-task@3.35.1": {
      "last_modified": "2024-03-22T11:26:23Z",
      "resolved": "github:NixOS/nixpkgs/a3ed7406349a9335cb4c2a71369b697cecd9d351#go-task",
      "source": "devbox-search",
      "version": "3.35.1",
      "systems": {
        "aarch64-darwin": {
          "outputs": [
            {
              "name": "out",
              "path": "/nix/store/8xlnzmvkpj03yw5xmsm6acz8w0rd3cr7-go-task-3.35.1",
              "default": true
            }
          ],
          "store_path": "/nix/store/8xlnzmvkpj03yw5xmsm6acz8w0rd3cr7-go-task-3.35.1"
        },
        "aarch64-linux": {
          "outputs": [
            {
              "name": "out",
              "path": "/nix/store/n0gjrdfrjj5pxirp3v6w9qdw3r8d076r-go-task-3.35.1",
              "default": true
            }
          ],
          "store_path": "/nix/store/n0gjrdfrjj5pxirp3v6w9qdw3r8d076r-go-task-3.35.1"
        },
        "x86_64-darwin": {
          "outputs": [
            {
              "name": "out",
              "path": "/nix/store/9a8myn2zjl17ws0h7pgw210mwvgd6dm8-go-task-3.35.1",
              "default": true
            }
          ],
          "store_path": "/nix/store/9a8myn2zjl17ws0h7pgw210mwvgd6dm8-go-task-3.35.1"
        },
        "x86_64-linux": {
          "outputs": [
            {
              "name": "out",
              "path": "/nix/store/1xb7vmm16bhlq12lk1q3fhkcypv2p9kb-go-task-3.35.1",
              "default": true
            }
          ],
          "store_path": "/nix/store/1xb7vmm16bhlq12lk1q3fhkcypv2p9kb-go-task-3.35.1"
        }
      }
    },
    "jq@1.7.1": {
      "last_modified": "2024-03-29T12:35:36Z",
      "resolved": "github:NixOS/nixpkgs/807c549feabce7eddbf259dbdcec9e0600a0660d#jq",
      "source": "devbox-search",
      "version": "1.7.1",
      "systems": {
        "aarch64-darwin": {
          "outputs": [
            {
              "name": "bin",
              "path": "/nix/store/59r06awlqdsw1fpvwcy2dg65l0g09vdp-jq-1.7.1-bin",
              "default": true
            },
            {
              "name": "man",
              "path": "/nix/store/glava1axlc7qkr875zikn3qncmrlmhvg-jq-1.7.1-man",
              "default": true
            },
            {
              "name": "dev",
              "path": "/nix/store/9zlf0mjahix97izdbr08ay50q4hg1l73-jq-1.7.1-dev"
            },
            {
              "name": "doc",
              "path": "/nix/store/wqwcldk42s8rn5b9h3pjc8836gl2qzng-jq-1.7.1-doc"
            },
            {
              "name": "lib",
              "path": "/nix/store/lsfivvi5k3kikzrbffcz18gcyi6fx2si-jq-1.7.1-lib"
            },
            {
              "name": "out",
              "path": "/nix/store/y1dm44vipw95v8vihc57ia8zz5nnp94b-jq-1.7.1"
            }
          ],
          "store_path": "/nix/store/59r06awlqdsw1fpvwcy2dg65l0g09vdp-jq-1.7.1-bin"
        },
        "aarch64-linux": {
          "outputs": [
            {
              "name": "bin",
              "path": "/nix/store/rajf5f3cf6qmr9jp2mwjikygl7hmfv4a-jq-1.7.1-bin",
              "default": true
            },
            {
              "name": "man",
              "path": "/nix/store/in1cd7zn58cwpb9czaa8wk0qhz1ssdk2-jq-1.7.1-man",
              "default": true
            },
            {
              "name": "out",
              "path": "/nix/store/vwr1r5as7mh5za5rsrf8lcxpf8acvmsk-jq-1.7.1"
            },
            {
              "name": "dev",
              "path": "/nix/store/kjqca4symf704yi1zlgnhbj7njzhwwgd-jq-1.7.1-dev"
            },
            {
              "name": "doc",
              "path": "/nix/store/8ljizkqxmbmp78npap4as8vb7w5snkmk-jq-1.7.1-doc"
            },
            {
              "name": "lib",
              "path": "/nix/store/55mf8kxjcmrsip8ffpn75r3snm65gv0h-jq-1.7.1-lib"
            }
          ],
          "store_path": "/nix/store/rajf5f3cf6qmr9jp2mwjikygl7hmfv4a-jq-1.7.1-bin"
        },
        "x86_64-darwin": {
          "outputs": [
            {
              "name": "bin",
              "path": "/nix/store/szlvc45yfk43b3dmn2ms01cw0yw5cih2-jq-1.7.1-bin",
              "default": true
            },
            {
              "name": "man",
              "path": "/nix/store/9h7zfkrqchgcchlw9yx6ngg1llw22da9-jq-1.7.1-man",
              "default": true
            },
            {
              "name": "dev",
              "path": "/nix/store/5p38yscg4kqk5m08c2p5bni374r1qs5p-jq-1.7.1-dev"
            },
            {
              "name": "doc",
              "path": "/nix/store/gcc7ncsdppac15r45i376907f5320bna-jq-1.7.1-doc"
            },
            {
              "name": "lib",
              "path": "/nix/store/kqbix3pbjq5wjdhw3llbcjiv9kj1cvm2-jq-1.7.1-lib"
            },
            {
              "name": "out",
              "path": "/nix/store/vxssvrpyrm5ci3k030fsnqf01gkprz8x-jq-1.7.1"
            }
          ],
          "store_path": "/nix/store/szlvc45yfk43b3dmn2ms01cw0yw5cih2-jq-1.7.1-bin"
        },
        "x86_64-linux": {
          "outputs": [
            {
              "name": "bin",
              "path": "/nix/store/1kql9l6sh9qwkfac720fl9a2d4lf78r3-jq-1.7.1-bin",
              "default": true
            },
            {
              "name": "man",
              "path": "/nix/store/dy82v8zpcrmkjhlxrq42jccjvnf8ljvr-jq-1.7.1-man",
              "default": true
            },
            {
              "name": "lib",
              "path": "/nix/store/qaggw36kdv2n7k6rivii9ylr8205yaqz-jq-1.7.1-lib"
            },
            {
              "name": "out",
              "path": "/nix/store/bgvg4yihsf8dgwk2g4mfi7k3gfsfxv4c-jq-1.7.1"
            },
            {
              "name": "dev",
              "path": "/nix/store/8i4fdcf8g6c8wmav9kbyvrc6rbip55d6-jq-1.7.1-dev"
            },
            {
              "name": "doc",
              "path": "/nix/store/53fg9kn3ry6m71p1c7ghaci6zygisxfz-jq-1.7.1-doc"
            }
          ],
          "store_path": "/nix/store/1kql9l6sh9qwkfac720fl9a2d4lf78r3-jq-1.7.1-bin"
        }
      }
    },
    "nodejs@18.19.1": {
      "last_modified": "2024-03-29T03:06:03Z",
      "plugin_version": "0.0.2",
      "resolved": "github:NixOS/nixpkgs/9b09bde6e3fc9493b6a8b2a5702ac87c66505c64#nodejs_18",
      "source": "devbox-search",
      "version": "18.19.1",
      "systems": {
        "aarch64-darwin": {
          "outputs": [
            {
              "name": "out",
              "path": "/nix/store/r5iax8ijz3fb2318mvk1lqhmgd3ywra0-nodejs-18.19.1",
              "default": true
            },
            {
              "name": "libv8",
              "path": "/nix/store/5da4myd75fd2lng1c5y7vgsjx5d0fzps-nodejs-18.19.1-libv8"
            }
          ],
          "store_path": "/nix/store/r5iax8ijz3fb2318mvk1lqhmgd3ywra0-nodejs-18.19.1"
        },
        "aarch64-linux": {
          "outputs": [
            {
              "name": "out",
              "path": "/nix/store/c77aqmmdz2xrnwx8r00830vrikpvxsgs-nodejs-18.19.1",
              "default": true
            },
            {
              "name": "libv8",
              "path": "/nix/store/kbsp3mrmr31fs0qvscik29ls4ph97wvy-nodejs-18.19.1-libv8"
            }
          ],
          "store_path": "/nix/store/c77aqmmdz2xrnwx8r00830vrikpvxsgs-nodejs-18.19.1"
        },
        "x86_64-darwin": {
          "outputs": [
            {
              "name": "out",
              "path": "/nix/store/d797z1ds0cp8djhd4r6g7lw660npalv4-nodejs-18.19.1",
              "default": true
            },
            {
              "name": "libv8",
              "path": "/nix/store/1m4bp8f0frjjrfgrply18hssy1ddpxjp-nodejs-18.19.1-libv8"
            }
          ],
          "store_path": "/nix/store/d797z1ds0cp8djhd4r6g7lw660npalv4-nodejs-18.19.1"
        },
        "x86_64-linux": {
          "outputs": [
            {
              "name": "out",
              "path": "/nix/store/s01jxkf9lr2ajlqxk86065rs77mm96am-nodejs-18.19.1",
              "default": true
            },
            {
              "name": "libv8",
              "path": "/nix/store/82932mmpy9jyry0f1yn8s31l0vnd9xa2-nodejs-18.19.1-libv8"
            }
          ],
          "store_path": "/nix/store/s01jxkf9lr2ajlqxk86065rs77mm96am-nodejs-18.19.1"
        }
      }
    },
    "pipenv@2023.2.4": {
      "last_modified": "2024-03-22T11:26:23Z",
      "resolved": "github:NixOS/nixpkgs/a3ed7406349a9335cb4c2a71369b697cecd9d351#pipenv",
      "source": "devbox-search",
      "version": "2023.2.4",
      "systems": {
        "aarch64-darwin": {
          "outputs": [
            {
              "name": "out",
              "path": "/nix/store/rjbwclvkbjfxgmzcp2c0s69zvyq8i9mw-pipenv-2023.2.4",
              "default": true
            },
            {
              "name": "dist",
              "path": "/nix/store/lkvdmx5ch817qvha9xmhwbwmp7cvc17v-pipenv-2023.2.4-dist"
            }
          ],
          "store_path": "/nix/store/rjbwclvkbjfxgmzcp2c0s69zvyq8i9mw-pipenv-2023.2.4"
        },
        "aarch64-linux": {
          "outputs": [
            {
              "name": "out",
              "path": "/nix/store/wzwaxxm4r30kicvdn95j3v7mcgl7gai4-pipenv-2023.2.4",
              "default": true
            },
            {
              "name": "dist",
              "path": "/nix/store/d4chmhwg06xprbpv03qscwvl6pqkvkcd-pipenv-2023.2.4-dist"
            }
          ],
          "store_path": "/nix/store/wzwaxxm4r30kicvdn95j3v7mcgl7gai4-pipenv-2023.2.4"
        },
        "x86_64-darwin": {
          "outputs": [
            {
              "name": "out",
              "path": "/nix/store/hqpl3aj6yyka353prd5ya2ir3qvdqgyy-pipenv-2023.2.4",
              "default": true
            },
            {
              "name": "dist",
              "path": "/nix/store/2js0prgbc7mz110fsv2kw45vsxrbhhx7-pipenv-2023.2.4-dist"
            }
          ],
          "store_path": "/nix/store/hqpl3aj6yyka353prd5ya2ir3qvdqgyy-pipenv-2023.2.4"
        },
        "x86_64-linux": {
          "outputs": [
            {
              "name": "out",
              "path": "/nix/store/p9j6kdxh49wzypyq8hqfhxi5w9qvghya-pipenv-2023.2.4",
              "default": true
            },
            {
              "name": "dist",
              "path": "/nix/store/9f575h83f2s90nh671q105xcbbgd0ywy-pipenv-2023.2.4-dist"
            }
          ],
          "store_path": "/nix/store/p9j6kdxh49wzypyq8hqfhxi5w9qvghya-pipenv-2023.2.4"
        }
      }
    },
    "python@3.12.2": {
      "last_modified": "2024-03-22T11:26:23Z",
      "plugin_version": "0.0.3",
      "resolved": "github:NixOS/nixpkgs/a3ed7406349a9335cb4c2a71369b697cecd9d351#python312",
      "source": "devbox-search",
      "version": "3.12.2",
      "systems": {
        "aarch64-darwin": {
          "outputs": [
            {
              "name": "out",
              "path": "/nix/store/jc5jlynlx561ibqxd6sy12hcqc8p39c9-python3-3.12.2",
              "default": true
            }
          ],
          "store_path": "/nix/store/jc5jlynlx561ibqxd6sy12hcqc8p39c9-python3-3.12.2"
        },
        "aarch64-linux": {
          "outputs": [
            {
              "name": "out",
              "path": "/nix/store/n5yvl08kxz5llrdiwwxfxyy6wiq2g6lc-python3-3.12.2",
              "default": true
            },
            {
              "name": "debug",
              "path": "/nix/store/bihg62nz0vqqski18cpyppwgqz62blrq-python3-3.12.2-debug"
            }
          ],
          "store_path": "/nix/store/n5yvl08kxz5llrdiwwxfxyy6wiq2g6lc-python3-3.12.2"
        },
        "x86_64-darwin": {
          "outputs": [
            {
              "name": "out",
              "path": "/nix/store/41yqb3sxsx22drhza74icn4x1gfh3h8m-python3-3.12.2",
              "default": true
            }
          ],
          "store_path": "/nix/store/41yqb3sxsx22drhza74icn4x1gfh3h8m-python3-3.12.2"
        },
        "x86_64-linux": {
          "outputs": [
            {
              "name": "out",
              "path": "/nix/store/7yh2ax34jd7fgf17mjfd3c6niw1h2hsj-python3-3.12.2",
              "default": true
            },
            {
              "name": "debug",
              "path": "/nix/store/mq8jh0sl1lcpk592whzw96n52grhq8wl-python3-3.12.2-debug"
            }
          ],
          "store_path": "/nix/store/7yh2ax34jd7fgf17mjfd3c6niw1h2hsj-python3-3.12.2"
        }
      }
    }
  }
}
