{
  "lockfile_version": "1",
  "packages": {
    "git-remote-codecommit@1.15.1": {
      "last_modified": "2025-02-23T09:42:26Z",
      "resolved": "github:NixOS/nixpkgs/2d068ae5c6516b2d04562de50a58c682540de9bf#git-remote-codecommit",
      "source": "devbox-search",
      "version": "1.15.1",
      "systems": {
        "aarch64-darwin": {
          "outputs": [
            {
              "name": "out",
              "path": "/nix/store/z25wv32xs33awfz3cfmb4g30jny6fl8c-git-remote-codecommit-1.15.1",
              "default": true
            },
            {
              "name": "dist",
              "path": "/nix/store/xjgdxawl4bkq54rdlw52n1rx0zacg59l-git-remote-codecommit-1.15.1-dist"
            }
          ],
          "store_path": "/nix/store/z25wv32xs33awfz3cfmb4g30jny6fl8c-git-remote-codecommit-1.15.1"
        },
        "aarch64-linux": {
          "outputs": [
            {
              "name": "out",
              "path": "/nix/store/r7ipki0gpqifjl7db525kkilr04yv1kr-git-remote-codecommit-1.15.1",
              "default": true
            },
            {
              "name": "dist",
              "path": "/nix/store/nm22wdwrw2vxrr75r434wa36224xifzf-git-remote-codecommit-1.15.1-dist"
            }
          ],
          "store_path": "/nix/store/r7ipki0gpqifjl7db525kkilr04yv1kr-git-remote-codecommit-1.15.1"
        },
        "x86_64-darwin": {
          "outputs": [
            {
              "name": "out",
              "path": "/nix/store/0527m511i0xwpwx07j6w2pam7a9h81b1-git-remote-codecommit-1.15.1",
              "default": true
            },
            {
              "name": "dist",
              "path": "/nix/store/i3i8ff5w8wfah13r0hwsgfhqp0pllwm8-git-remote-codecommit-1.15.1-dist"
            }
          ],
          "store_path": "/nix/store/0527m511i0xwpwx07j6w2pam7a9h81b1-git-remote-codecommit-1.15.1"
        },
        "x86_64-linux": {
          "outputs": [
            {
              "name": "out",
              "path": "/nix/store/ifsi8asrn8bvw0q04chlwkl2n1laqjad-git-remote-codecommit-1.15.1",
              "default": true
            },
            {
              "name": "dist",
              "path": "/nix/store/0wx031dcin16vj2bi2qm2bgk6wvs8qsm-git-remote-codecommit-1.15.1-dist"
            }
          ],
          "store_path": "/nix/store/ifsi8asrn8bvw0q04chlwkl2n1laqjad-git-remote-codecommit-1.15.1"
        }
      }
    },
    "git@2.42.0": {
      "last_modified": "2023-12-13T22:54:10Z",
      "resolved": "github:NixOS/nixpkgs/fd04bea4cbf76f86f244b9e2549fca066db8ddff#git",
      "source": "devbox-search",
      "version": "2.42.0",
      "systems": {
        "aarch64-darwin": {
          "outputs": [
            {
              "name": "out",
              "path": "/nix/store/q7avibx4c00h7zl3jfh3r5mc4xs6wsnj-git-2.42.0",
              "default": true
            },
            {
              "name": "doc",
              "path": "/nix/store/ls2bkd8sbjfzaj2sqnjifxp0kpj5ppi7-git-2.42.0-doc"
            }
          ],
          "store_path": "/nix/store/q7avibx4c00h7zl3jfh3r5mc4xs6wsnj-git-2.42.0"
        },
        "aarch64-linux": {
          "outputs": [
            {
              "name": "out",
              "path": "/nix/store/v7f1fag7w6ifk9cg1p5xhnnzy7mf0kmv-git-2.42.0",
              "default": true
            },
            {
              "name": "debug",
              "path": "/nix/store/5fzw7d7k24nyhl0gblxxs94df4d9kx92-git-2.42.0-debug"
            },
            {
              "name": "doc",
              "path": "/nix/store/zfggmkpg5a8cyjcp6fkg031k40m4jm1z-git-2.42.0-doc"
            }
          ],
          "store_path": "/nix/store/v7f1fag7w6ifk9cg1p5xhnnzy7mf0kmv-git-2.42.0"
        },
        "x86_64-darwin": {
          "outputs": [
            {
              "name": "out",
              "path": "/nix/store/hhf2cldbfcndgilsak5x8dxphgj1y3id-git-2.42.0",
              "default": true
            },
            {
              "name": "doc",
              "path": "/nix/store/z0azxav2x0w3a3cr9nmnphqfrixqv366-git-2.42.0-doc"
            }
          ],
          "store_path": "/nix/store/hhf2cldbfcndgilsak5x8dxphgj1y3id-git-2.42.0"
        },
        "x86_64-linux": {
          "outputs": [
            {
              "name": "out",
              "path": "/nix/store/31ypk253113v59lslsx8nbqpx794rlan-git-2.42.0",
              "default": true
            },
            {
              "name": "debug",
              "path": "/nix/store/7izvmmglis343586glv4bb6l0s8r5dnp-git-2.42.0-debug"
            },
            {
              "name": "doc",
              "path": "/nix/store/bhjmxbvkilffv986l0wxdk54dvng63fp-git-2.42.0-doc"
            }
          ],
          "store_path": "/nix/store/31ypk253113v59lslsx8nbqpx794rlan-git-2.42.0"
        }
      }
    },
    "go-task@3.39.2": {
      "last_modified": "2024-11-16T04:25:12Z",
      "resolved": "github:NixOS/nixpkgs/34a626458d686f1b58139620a8b2793e9e123bba#go-task",
      "source": "devbox-search",
      "version": "3.39.2",
      "systems": {
        "aarch64-darwin": {
          "outputs": [
            {
              "name": "out",
              "path": "/nix/store/n10k2bgg3kzp5r261m8lyyh1bmzwnxbm-go-task-3.39.2",
              "default": true
            }
          ],
          "store_path": "/nix/store/n10k2bgg3kzp5r261m8lyyh1bmzwnxbm-go-task-3.39.2"
        },
        "aarch64-linux": {
          "outputs": [
            {
              "name": "out",
              "path": "/nix/store/bi9d428x6r8hcngb7x7ijihp3ln6qjai-go-task-3.39.2",
              "default": true
            }
          ],
          "store_path": "/nix/store/bi9d428x6r8hcngb7x7ijihp3ln6qjai-go-task-3.39.2"
        },
        "x86_64-darwin": {
          "outputs": [
            {
              "name": "out",
              "path": "/nix/store/69byf24r00663kdim1yi4p04w53rvsix-go-task-3.39.2",
              "default": true
            }
          ],
          "store_path": "/nix/store/69byf24r00663kdim1yi4p04w53rvsix-go-task-3.39.2"
        },
        "x86_64-linux": {
          "outputs": [
            {
              "name": "out",
              "path": "/nix/store/055l0sbqwyhrq8zmzf51lbpgm3asdfz2-go-task-3.39.2",
              "default": true
            }
          ],
          "store_path": "/nix/store/055l0sbqwyhrq8zmzf51lbpgm3asdfz2-go-task-3.39.2"
        }
      }
    },
    "jq@1.7.1": {
      "last_modified": "2025-05-04T22:22:57Z",
      "resolved": "github:NixOS/nixpkgs/ed30f8aba41605e3ab46421e3dcb4510ec560ff8#jq",
      "source": "devbox-search",
      "version": "1.7.1",
      "systems": {
        "aarch64-darwin": {
          "outputs": [
            {
              "name": "bin",
              "path": "/nix/store/d0r880glv6pvpxibssrcl2v7v4sqijfx-jq-1.7.1-bin",
              "default": true
            },
            {
              "name": "man",
              "path": "/nix/store/51dbhjrpi3dnj3jv9npjk1wvqcjfpz2n-jq-1.7.1-man",
              "default": true
            },
            {
              "name": "out",
              "path": "/nix/store/kd68ckkv7lqnfb46rk1746mhig0hhpl5-jq-1.7.1"
            },
            {
              "name": "dev",
              "path": "/nix/store/d3w37gvgsapsh612vyy0b0lnjq81bhhd-jq-1.7.1-dev"
            },
            {
              "name": "doc",
              "path": "/nix/store/31mydlnw005lpaslc5yqgmxy5mfhzs98-jq-1.7.1-doc"
            }
          ],
          "store_path": "/nix/store/d0r880glv6pvpxibssrcl2v7v4sqijfx-jq-1.7.1-bin"
        },
        "aarch64-linux": {
          "outputs": [
            {
              "name": "bin",
              "path": "/nix/store/gn5585z1600aqspd8hyz48qjxpkprmmd-jq-1.7.1-bin",
              "default": true
            },
            {
              "name": "man",
              "path": "/nix/store/333c44nih6riadc384l4kyrcsiqn9w6b-jq-1.7.1-man",
              "default": true
            },
            {
              "name": "dev",
              "path": "/nix/store/djgzdhs0aj2g37xfbbx5inmm5j34ri6s-jq-1.7.1-dev"
            },
            {
              "name": "doc",
              "path": "/nix/store/5iv52bfgs3dgg9sgy63m0v8kqf3jka61-jq-1.7.1-doc"
            },
            {
              "name": "out",
              "path": "/nix/store/qqb575m59p2l1v3h9hb3q96mm7b41qjf-jq-1.7.1"
            }
          ],
          "store_path": "/nix/store/gn5585z1600aqspd8hyz48qjxpkprmmd-jq-1.7.1-bin"
        },
        "x86_64-darwin": {
          "outputs": [
            {
              "name": "bin",
              "path": "/nix/store/d7scikakdayw3xjw8pm55q8j146qwxwd-jq-1.7.1-bin",
              "default": true
            },
            {
              "name": "man",
              "path": "/nix/store/giabrd1iawzw666w62n4dw7czs6k580i-jq-1.7.1-man",
              "default": true
            },
            {
              "name": "dev",
              "path": "/nix/store/h80zvna5sb5klg3q56l22rw2cac35pzm-jq-1.7.1-dev"
            },
            {
              "name": "doc",
              "path": "/nix/store/v51p982wn5hrjvfprr5h5f7ffakj86iq-jq-1.7.1-doc"
            },
            {
              "name": "out",
              "path": "/nix/store/8fd0arnj59yvp8clz9a14p61dhchp8kk-jq-1.7.1"
            }
          ],
          "store_path": "/nix/store/d7scikakdayw3xjw8pm55q8j146qwxwd-jq-1.7.1-bin"
        },
        "x86_64-linux": {
          "outputs": [
            {
              "name": "bin",
              "path": "/nix/store/2yi7k5ay6xj73rbfqf170gms922rjm2d-jq-1.7.1-bin",
              "default": true
            },
            {
              "name": "man",
              "path": "/nix/store/6y5xhrbdfwnf4xbwzvvz8n2yibyvkvm9-jq-1.7.1-man",
              "default": true
            },
            {
              "name": "dev",
              "path": "/nix/store/2186473hfwk15m3cmpddck6jp28sjmkl-jq-1.7.1-dev"
            },
            {
              "name": "doc",
              "path": "/nix/store/r6qdnj7qxcwvkp02zw5yjp09vydb0m8l-jq-1.7.1-doc"
            },
            {
              "name": "out",
              "path": "/nix/store/d7mhlprb84m83vm0z1xw18jpxz3x5hzy-jq-1.7.1"
            }
          ],
          "store_path": "/nix/store/2yi7k5ay6xj73rbfqf170gms922rjm2d-jq-1.7.1-bin"
        }
      }
    },
    "nodejs@18.19.1": {
      "last_modified": "2024-04-02T02:53:36Z",
      "plugin_version": "0.0.2",
      "resolved": "github:NixOS/nixpkgs/080a4a27f206d07724b88da096e27ef63401a504#nodejs_18",
      "source": "devbox-search",
      "version": "18.19.1",
      "systems": {
        "aarch64-darwin": {
          "outputs": [
            {
              "name": "out",
              "path": "/nix/store/wrhcjmwsffb2fj95fxfcnq8k7f3i6xbx-nodejs-18.19.1",
              "default": true
            },
            {
              "name": "libv8",
              "path": "/nix/store/99279y3njrascwlai7d614vdqm5mi8mr-nodejs-18.19.1-libv8"
            }
          ],
          "store_path": "/nix/store/wrhcjmwsffb2fj95fxfcnq8k7f3i6xbx-nodejs-18.19.1"
        },
        "aarch64-linux": {
          "outputs": [
            {
              "name": "out",
              "path": "/nix/store/0bsi7d89gcvijqjamf0yprydrw62zf4i-nodejs-18.19.1",
              "default": true
            },
            {
              "name": "libv8",
              "path": "/nix/store/wcdlnd8jl36fxv6mp9n7hg9240aglzg7-nodejs-18.19.1-libv8"
            }
          ],
          "store_path": "/nix/store/0bsi7d89gcvijqjamf0yprydrw62zf4i-nodejs-18.19.1"
        },
        "x86_64-darwin": {
          "outputs": [
            {
              "name": "out",
              "path": "/nix/store/d2hhvc8z1dxscrdznmfb8x6plgnfv1cj-nodejs-18.19.1",
              "default": true
            },
            {
              "name": "libv8",
              "path": "/nix/store/bf6cbi9cb05x6ni9aizvys4az2k4whxk-nodejs-18.19.1-libv8"
            }
          ],
          "store_path": "/nix/store/d2hhvc8z1dxscrdznmfb8x6plgnfv1cj-nodejs-18.19.1"
        },
        "x86_64-linux": {
          "outputs": [
            {
              "name": "out",
              "path": "/nix/store/r1f216x7zryxxqzf45j4ss1m3amh5sy0-nodejs-18.19.1",
              "default": true
            },
            {
              "name": "libv8",
              "path": "/nix/store/629bsljr46jxxl6790qxk7aa81qsi6dg-nodejs-18.19.1-libv8"
            }
          ],
          "store_path": "/nix/store/r1f216x7zryxxqzf45j4ss1m3amh5sy0-nodejs-18.19.1"
        }
      }
    },
    "pipenv@2023.2.4": {
      "last_modified": "2024-06-12T20:55:33Z",
      "resolved": "github:NixOS/nixpkgs/a9858885e197f984d92d7fe64e9fff6b2e488d40#pipenv",
      "source": "devbox-search",
      "version": "2023.2.4",
      "systems": {
        "aarch64-darwin": {
          "outputs": [
            {
              "name": "out",
              "path": "/nix/store/lfamfswyy0cgp7z1q6zdbhp0jajkv6az-pipenv-2023.2.4",
              "default": true
            },
            {
              "name": "dist",
              "path": "/nix/store/qmnsypw0c34p7r71sfrvly6hy1bfwby9-pipenv-2023.2.4-dist"
            }
          ],
          "store_path": "/nix/store/lfamfswyy0cgp7z1q6zdbhp0jajkv6az-pipenv-2023.2.4"
        },
        "aarch64-linux": {
          "outputs": [
            {
              "name": "out",
              "path": "/nix/store/ic56x5p9nkacd7ah2ymyv0vzlhxipcz6-pipenv-2023.2.4",
              "default": true
            },
            {
              "name": "dist",
              "path": "/nix/store/w5jy371lhwkmvy8bibj3vx5ky37py743-pipenv-2023.2.4-dist"
            }
          ],
          "store_path": "/nix/store/ic56x5p9nkacd7ah2ymyv0vzlhxipcz6-pipenv-2023.2.4"
        },
        "x86_64-darwin": {
          "outputs": [
            {
              "name": "out",
              "path": "/nix/store/3wgw61pid9vlwrf7s29qjrvil49m088r-pipenv-2023.2.4",
              "default": true
            },
            {
              "name": "dist",
              "path": "/nix/store/mi13ygbc4gw14nn04h513kr9vbd1gj3h-pipenv-2023.2.4-dist"
            }
          ],
          "store_path": "/nix/store/3wgw61pid9vlwrf7s29qjrvil49m088r-pipenv-2023.2.4"
        },
        "x86_64-linux": {
          "outputs": [
            {
              "name": "out",
              "path": "/nix/store/hi3mfma5x7ysawsq2ha1sqkbd65snlp9-pipenv-2023.2.4",
              "default": true
            },
            {
              "name": "dist",
              "path": "/nix/store/2gax2bw21c86cddfh0bjmgacv2j7sg89-pipenv-2023.2.4-dist"
            }
          ],
          "store_path": "/nix/store/hi3mfma5x7ysawsq2ha1sqkbd65snlp9-pipenv-2023.2.4"
        }
      }
    },
    "python@3.12.2": {
      "last_modified": "2024-04-02T02:53:36Z",
      "plugin_version": "0.0.4",
      "resolved": "github:NixOS/nixpkgs/080a4a27f206d07724b88da096e27ef63401a504#python312",
      "source": "devbox-search",
      "version": "3.12.2",
      "systems": {
        "aarch64-darwin": {
          "outputs": [
            {
              "name": "out",
              "path": "/nix/store/simlsc51c938d0vxhyl83dsf68xj8i7v-python3-3.12.2",
              "default": true
            }
          ],
          "store_path": "/nix/store/simlsc51c938d0vxhyl83dsf68xj8i7v-python3-3.12.2"
        },
        "aarch64-linux": {
          "outputs": [
            {
              "name": "out",
              "path": "/nix/store/zhfvydhmllj2k1vbb0lv40fq09awp7qr-python3-3.12.2",
              "default": true
            },
            {
              "name": "debug",
              "path": "/nix/store/7cg2p6sygndlfrgr7ymaghikpm40krpk-python3-3.12.2-debug"
            }
          ],
          "store_path": "/nix/store/zhfvydhmllj2k1vbb0lv40fq09awp7qr-python3-3.12.2"
        },
        "x86_64-darwin": {
          "outputs": [
            {
              "name": "out",
              "path": "/nix/store/62ksbv6mp5cz2ggcpwal4j6a5biiy5r1-python3-3.12.2",
              "default": true
            }
          ],
          "store_path": "/nix/store/62ksbv6mp5cz2ggcpwal4j6a5biiy5r1-python3-3.12.2"
        },
        "x86_64-linux": {
          "outputs": [
            {
              "name": "out",
              "path": "/nix/store/fmwqa8nvva4sh18bqayzrilrzxq9fm0f-python3-3.12.2",
              "default": true
            },
            {
              "name": "debug",
              "path": "/nix/store/bf6473jc4m7y4fi17f8jcamvb86aavqh-python3-3.12.2-debug"
            }
          ],
          "store_path": "/nix/store/fmwqa8nvva4sh18bqayzrilrzxq9fm0f-python3-3.12.2"
        }
      }
    },
    "twine@latest": {
      "last_modified": "2025-04-17T05:47:26Z",
      "resolved": "github:NixOS/nixpkgs/ebe4301cbd8f81c4f8d3244b3632338bbeb6d49c#twine",
      "source": "devbox-search",
      "version": "6.1.0",
      "systems": {
        "aarch64-darwin": {
          "outputs": [
            {
              "name": "out",
              "path": "/nix/store/1czlcp4a2zc02m97dd1w6w9dp5ryjk74-python3.12-twine-6.1.0",
              "default": true
            },
            {
              "name": "dist",
              "path": "/nix/store/7ra2bz5gyxgiirj6xcwdcrmvpaw8ckaf-python3.12-twine-6.1.0-dist"
            }
          ],
          "store_path": "/nix/store/1czlcp4a2zc02m97dd1w6w9dp5ryjk74-python3.12-twine-6.1.0"
        },
        "aarch64-linux": {
          "outputs": [
            {
              "name": "out",
              "path": "/nix/store/7h4w03hgqqjdwm2ancpcxam41v2hsvcy-python3.12-twine-6.1.0",
              "default": true
            },
            {
              "name": "dist",
              "path": "/nix/store/c26d4fz9knhjggb77vr8x74b5qppkqw5-python3.12-twine-6.1.0-dist"
            }
          ],
          "store_path": "/nix/store/7h4w03hgqqjdwm2ancpcxam41v2hsvcy-python3.12-twine-6.1.0"
        },
        "x86_64-darwin": {
          "outputs": [
            {
              "name": "out",
              "path": "/nix/store/9ipi0qvgmdqwrn9q5xrzbcm0iri5qh5l-python3.12-twine-6.1.0",
              "default": true
            },
            {
              "name": "dist",
              "path": "/nix/store/mdf8d0zjvmv23pg5aczsiaw4rjsy4zjf-python3.12-twine-6.1.0-dist"
            }
          ],
          "store_path": "/nix/store/9ipi0qvgmdqwrn9q5xrzbcm0iri5qh5l-python3.12-twine-6.1.0"
        },
        "x86_64-linux": {
          "outputs": [
            {
              "name": "out",
              "path": "/nix/store/0ca9s2z0q2q3ck1jhqaj8wgxc4isqxzl-python3.12-twine-6.1.0",
              "default": true
            },
            {
              "name": "dist",
              "path": "/nix/store/jmn528l6y9cp48radr0l31xq8whbwjm8-python3.12-twine-6.1.0-dist"
            }
          ],
          "store_path": "/nix/store/0ca9s2z0q2q3ck1jhqaj8wgxc4isqxzl-python3.12-twine-6.1.0"
        }
      }
    }
  }
}
